
Microsoft Visual Studio Solution File, Format Version 12.00
# Visual Studio Version 16
VisualStudioVersion = 16.0.31112.23
MinimumVisualStudioVersion = 10.0.40219.1
Project("{FAE04EC0-301F-11D3-BF4B-00C04F79EFBC}") = "texte3", "texte3\texte3.csproj", "{1A51940E-C961-4E87-B297-B8635CE0F887}"
EndProject
Project("{FAE04EC0-301F-11D3-BF4B-00C04F79EFBC}") = "zero2", "zero2\zero2.csproj", "{4B15ECE6-1F2E-450F-A49B-3E0AB747F4B8}"
EndProject
Project("{FAE04EC0-301F-11D3-BF4B-00C04F79EFBC}") = "zero3", "zero3\zero3.csproj", "{C5AA99E9-334B-4CC0-A723-DD283A5857AF}"
EndProject
Project("{FAE04EC0-301F-11D3-BF4B-00C04F79EFBC}") = "TEXTE5", "TEXTE5\TEXTE5.csproj", "{D6A67365-D14A-473A-B896-212CDF668633}"
EndProject
Project("{FAE04EC0-301F-11D3-BF4B-00C04F79EFBC}") = "MUDANDOCORTEXTO", "TEXTE6\MUDANDOCORTEXTO.csproj", "{3FFF99CB-DDBA-4A3A-9D86-7907A3A8AA03}"
EndProject
Project("{FAE04EC0-301F-11D3-BF4B-00C04F79EFBC}") = "COMENTARIOS", "exmpolos 6\COMENTARIOS.csproj", "{72409664-CA67-4FD7-904A-2BF6AB3DC182}"
EndProject
Project("{FAE04EC0-301F-11D3-BF4B-00C04F79EFBC}") = "TEXTE7", "TEXTE7\TEXTE7.csproj", "{0EFAA4AC-1C20-4AF1-9628-0B21780EA467}"
EndProject
Project("{FAE04EC0-301F-11D3-BF4B-00C04F79EFBC}") = "VARIAVEIS", "VARIAVEIS\VARIAVEIS.csproj", "{B01E072E-B8B6-4A45-83AE-07D81E024BC7}"
EndProject
Project("{FAE04EC0-301F-11D3-BF4B-00C04F79EFBC}") = "variaveis7", "variaveis7\variaveis7.csproj", "{1C4E9F27-6452-427C-A9BC-40EDD3F8904F}"
EndProject
Project("{FAE04EC0-301F-11D3-BF4B-00C04F79EFBC}") = "colocando em pratica", "colocando em pratica\colocando em pratica.csproj", "{D60714A1-D5FA-48FA-9C29-BE99A5629BA4}"
EndProject
Project("{FAE04EC0-301F-11D3-BF4B-00C04F79EFBC}") = "CONVERSÃODEAUXILIARES", "ALALAD08\CONVERSÃODEAUXILIARES.csproj", "{A9A5F107-2344-421C-98D1-87BCE10ED569}"
EndProject
Project("{FAE04EC0-301F-11D3-BF4B-00C04F79EFBC}") = "ENTRADADEDADOS", "FODA009\ENTRADADEDADOS.csproj", "{A9B286F8-B10F-4CF6-904E-FC03F6B1F8A2}"
EndProject
Project("{FAE04EC0-301F-11D3-BF4B-00C04F79EFBC}") = "USANDPWINDOWSFORM", "USANDPWINDOWSFORM\USANDPWINDOWSFORM.csproj", "{A15FBF86-4EBB-42A7-B360-CFA9ABAB76DE}"
EndProject
Project("{9A19103F-16F7-4668-BE54-9A1E7A4F7556}") = "ENTRADADADOWINDOWSFORM", "ENTRADADADOWINDOWSFORM\ENTRADADADOWINDOWSFORM.csproj", "{242E1C6C-FBF5-4C62-AAC3-D0FA455CCEB1}"
EndProject
Project("{9A19103F-16F7-4668-BE54-9A1E7A4F7556}") = "LENDONUMEROWINDOWSFORM", "LENDONUMEROWINDOWSFORM\LENDONUMEROWINDOWSFORM.csproj", "{6D4DF0DC-C12F-4075-A6BA-B39124A9CAF7}"
EndProject
Project("{FAE04EC0-301F-11D3-BF4B-00C04F79EFBC}") = "LENDO DADOS", "LENDO DADOS\LENDO DADOS.csproj", "{95C7B73A-350E-4E7D-B81D-161053463133}"
EndProject
Project("{9A19103F-16F7-4668-BE54-9A1E7A4F7556}") = "LENDOSDADOSDESIGNER", "LENDOSDADOSDESIGNER\LENDOSDADOSDESIGNER.csproj", "{DABA6E88-CC9B-4E1C-9B3C-7239E873202F}"
EndProject
Project("{9A19103F-16F7-4668-BE54-9A1E7A4F7556}") = "WinFormsApp3", "WinFormsApp3\WinFormsApp3.csproj", "{DA9D5178-8293-4480-ADCB-CBA031C34058}"
EndProject
Project("{FAE04EC0-301F-11D3-BF4B-00C04F79EFBC}") = "ConsoleApp3", "ConsoleApp3\ConsoleApp3.csproj", "{DC2647FB-D6CB-4371-B1D2-C179A7DE84D0}"
EndProject
Project("{9A19103F-16F7-4668-BE54-9A1E7A4F7556}") = "WinFormsApp4", "WinFormsApp4\WinFormsApp4.csproj", "{F3FDA6A4-29D2-4187-8B2B-9E52D3AF6459}"
EndProject
Project("{FAE04EC0-301F-11D3-BF4B-00C04F79EFBC}") = "ConsoleApp5", "ConsoleApp5\ConsoleApp5.csproj", "{D461C9CD-1DFB-4717-9B62-ECF3B407EC57}"
EndProject
Project("{FAE04EC0-301F-11D3-BF4B-00C04F79EFBC}") = "estruturascondicionais", "estruturascondicionais\estruturascondicionais.csproj", "{6AB3809E-05A2-466A-BFDD-EE57E8B95721}"
EndProject
Project("{FAE04EC0-301F-11D3-BF4B-00C04F79EFBC}") = "ConsoleApp1", "ConsoleApp1\ConsoleApp1.csproj", "{695FEA90-6BD8-4B22-A94E-63BB87C1CE96}"
EndProject
Project("{FAE04EC0-301F-11D3-BF4B-00C04F79EFBC}") = "ConsoleApp2", "ConsoleApp2\ConsoleApp2.csproj", "{224AFB76-48CA-42F5-9C7E-20316BCF3E6F}"
EndProject
Project("{FAE04EC0-301F-11D3-BF4B-00C04F79EFBC}") = "INTERPOLÇÃODESTRINGS", "INTERPOLÇÃODESTRINGS\INTERPOLÇÃODESTRINGS.csproj", "{C5EBAAF3-4F2E-4C8E-9655-A1C3FD46B30F}"
EndProject
Project("{9A19103F-16F7-4668-BE54-9A1E7A4F7556}") = "STRNGINTERPOLADASEMWNDOWSFORMS", "STRNGINTERPOLADASEMWNDOWSFORMS\STRNGINTERPOLADASEMWNDOWSFORMS.csproj", "{958709D5-6275-4733-AD2B-E66D66B09783}"
EndProject
Project("{FAE04EC0-301F-11D3-BF4B-00C04F79EFBC}") = "STRIGINTERPOLADA", "ConsoleApp4\STRIGINTERPOLADA.csproj", "{78BF3EC8-97F9-4659-BDA3-69AC6A4C6387}"
EndProject
Project("{9A19103F-16F7-4668-BE54-9A1E7A4F7556}") = "STRINGINTERPOLADASEMFORMES2", "STRINGINTERPOLADASEMFORMES2\STRINGINTERPOLADASEMFORMES2.csproj", "{AEB3CA89-D081-4E59-BCB8-451FDD2DAAA6}"
EndProject
Project("{FAE04EC0-301F-11D3-BF4B-00C04F79EFBC}") = "INTERPOLAÇÃO+formataçao", "INTERPOLAÇÃO+formataçao\INTERPOLAÇÃO+formataçao.csproj", "{A3C1870E-7E24-422A-9763-C60F4599D576}"
EndProject
Project("{FAE04EC0-301F-11D3-BF4B-00C04F79EFBC}") = "pratica", "pratica\pratica.csproj", "{DF2CE154-883C-40B1-A7F7-C3C81F073C6B}"
EndProject
Global
	GlobalSection(SolutionConfigurationPlatforms) = preSolution
		Debug|Any CPU = Debug|Any CPU
		Release|Any CPU = Release|Any CPU
	EndGlobalSection
	GlobalSection(ProjectConfigurationPlatforms) = postSolution
		{1A51940E-C961-4E87-B297-B8635CE0F887}.Debug|Any CPU.ActiveCfg = Debug|Any CPU
		{1A51940E-C961-4E87-B297-B8635CE0F887}.Debug|Any CPU.Build.0 = Debug|Any CPU
		{1A51940E-C961-4E87-B297-B8635CE0F887}.Release|Any CPU.ActiveCfg = Release|Any CPU
		{1A51940E-C961-4E87-B297-B8635CE0F887}.Release|Any CPU.Build.0 = Release|Any CPU
		{4B15ECE6-1F2E-450F-A49B-3E0AB747F4B8}.Debug|Any CPU.ActiveCfg = Debug|Any CPU
		{4B15ECE6-1F2E-450F-A49B-3E0AB747F4B8}.Debug|Any CPU.Build.0 = Debug|Any CPU
		{4B15ECE6-1F2E-450F-A49B-3E0AB747F4B8}.Release|Any CPU.ActiveCfg = Release|Any CPU
		{4B15ECE6-1F2E-450F-A49B-3E0AB747F4B8}.Release|Any CPU.Build.0 = Release|Any CPU
		{C5AA99E9-334B-4CC0-A723-DD283A5857AF}.Debug|Any CPU.ActiveCfg = Debug|Any CPU
		{C5AA99E9-334B-4CC0-A723-DD283A5857AF}.Debug|Any CPU.Build.0 = Debug|Any CPU
		{C5AA99E9-334B-4CC0-A723-DD283A5857AF}.Release|Any CPU.ActiveCfg = Release|Any CPU
		{C5AA99E9-334B-4CC0-A723-DD283A5857AF}.Release|Any CPU.Build.0 = Release|Any CPU
		{D6A67365-D14A-473A-B896-212CDF668633}.Debug|Any CPU.ActiveCfg = Debug|Any CPU
		{D6A67365-D14A-473A-B896-212CDF668633}.Debug|Any CPU.Build.0 = Debug|Any CPU
		{D6A67365-D14A-473A-B896-212CDF668633}.Release|Any CPU.ActiveCfg = Release|Any CPU
		{D6A67365-D14A-473A-B896-212CDF668633}.Release|Any CPU.Build.0 = Release|Any CPU
		{3FFF99CB-DDBA-4A3A-9D86-7907A3A8AA03}.Debug|Any CPU.ActiveCfg = Debug|Any CPU
		{3FFF99CB-DDBA-4A3A-9D86-7907A3A8AA03}.Debug|Any CPU.Build.0 = Debug|Any CPU
		{3FFF99CB-DDBA-4A3A-9D86-7907A3A8AA03}.Release|Any CPU.ActiveCfg = Release|Any CPU
		{3FFF99CB-DDBA-4A3A-9D86-7907A3A8AA03}.Release|Any CPU.Build.0 = Release|Any CPU
		{72409664-CA67-4FD7-904A-2BF6AB3DC182}.Debug|Any CPU.ActiveCfg = Debug|Any CPU
		{72409664-CA67-4FD7-904A-2BF6AB3DC182}.Debug|Any CPU.Build.0 = Debug|Any CPU
		{72409664-CA67-4FD7-904A-2BF6AB3DC182}.Release|Any CPU.ActiveCfg = Release|Any CPU
		{72409664-CA67-4FD7-904A-2BF6AB3DC182}.Release|Any CPU.Build.0 = Release|Any CPU
		{0EFAA4AC-1C20-4AF1-9628-0B21780EA467}.Debug|Any CPU.ActiveCfg = Debug|Any CPU
		{0EFAA4AC-1C20-4AF1-9628-0B21780EA467}.Debug|Any CPU.Build.0 = Debug|Any CPU
		{0EFAA4AC-1C20-4AF1-9628-0B21780EA467}.Release|Any CPU.ActiveCfg = Release|Any CPU
		{0EFAA4AC-1C20-4AF1-9628-0B21780EA467}.Release|Any CPU.Build.0 = Release|Any CPU
		{B01E072E-B8B6-4A45-83AE-07D81E024BC7}.Debug|Any CPU.ActiveCfg = Debug|Any CPU
		{B01E072E-B8B6-4A45-83AE-07D81E024BC7}.Debug|Any CPU.Build.0 = Debug|Any CPU
		{B01E072E-B8B6-4A45-83AE-07D81E024BC7}.Release|Any CPU.ActiveCfg = Release|Any CPU
		{B01E072E-B8B6-4A45-83AE-07D81E024BC7}.Release|Any CPU.Build.0 = Release|Any CPU
		{1C4E9F27-6452-427C-A9BC-40EDD3F8904F}.Debug|Any CPU.ActiveCfg = Debug|Any CPU
		{1C4E9F27-6452-427C-A9BC-40EDD3F8904F}.Debug|Any CPU.Build.0 = Debug|Any CPU
		{1C4E9F27-6452-427C-A9BC-40EDD3F8904F}.Release|Any CPU.ActiveCfg = Release|Any CPU
		{1C4E9F27-6452-427C-A9BC-40EDD3F8904F}.Release|Any CPU.Build.0 = Release|Any CPU
		{D60714A1-D5FA-48FA-9C29-BE99A5629BA4}.Debug|Any CPU.ActiveCfg = Debug|Any CPU
		{D60714A1-D5FA-48FA-9C29-BE99A5629BA4}.Debug|Any CPU.Build.0 = Debug|Any CPU
		{D60714A1-D5FA-48FA-9C29-BE99A5629BA4}.Release|Any CPU.ActiveCfg = Release|Any CPU
		{D60714A1-D5FA-48FA-9C29-BE99A5629BA4}.Release|Any CPU.Build.0 = Release|Any CPU
		{A9A5F107-2344-421C-98D1-87BCE10ED569}.Debug|Any CPU.ActiveCfg = Debug|Any CPU
		{A9A5F107-2344-421C-98D1-87BCE10ED569}.Debug|Any CPU.Build.0 = Debug|Any CPU
		{A9A5F107-2344-421C-98D1-87BCE10ED569}.Release|Any CPU.ActiveCfg = Release|Any CPU
		{A9A5F107-2344-421C-98D1-87BCE10ED569}.Release|Any CPU.Build.0 = Release|Any CPU
		{A9B286F8-B10F-4CF6-904E-FC03F6B1F8A2}.Debug|Any CPU.ActiveCfg = Debug|Any CPU
		{A9B286F8-B10F-4CF6-904E-FC03F6B1F8A2}.Debug|Any CPU.Build.0 = Debug|Any CPU
		{A9B286F8-B10F-4CF6-904E-FC03F6B1F8A2}.Release|Any CPU.ActiveCfg = Release|Any CPU
		{A9B286F8-B10F-4CF6-904E-FC03F6B1F8A2}.Release|Any CPU.Build.0 = Release|Any CPU
		{A15FBF86-4EBB-42A7-B360-CFA9ABAB76DE}.Debug|Any CPU.ActiveCfg = Debug|Any CPU
		{A15FBF86-4EBB-42A7-B360-CFA9ABAB76DE}.Debug|Any CPU.Build.0 = Debug|Any CPU
		{A15FBF86-4EBB-42A7-B360-CFA9ABAB76DE}.Release|Any CPU.ActiveCfg = Release|Any CPU
		{A15FBF86-4EBB-42A7-B360-CFA9ABAB76DE}.Release|Any CPU.Build.0 = Release|Any CPU
		{242E1C6C-FBF5-4C62-AAC3-D0FA455CCEB1}.Debug|Any CPU.ActiveCfg = Debug|Any CPU
		{242E1C6C-FBF5-4C62-AAC3-D0FA455CCEB1}.Debug|Any CPU.Build.0 = Debug|Any CPU
		{242E1C6C-FBF5-4C62-AAC3-D0FA455CCEB1}.Release|Any CPU.ActiveCfg = Release|Any CPU
		{242E1C6C-FBF5-4C62-AAC3-D0FA455CCEB1}.Release|Any CPU.Build.0 = Release|Any CPU
		{6D4DF0DC-C12F-4075-A6BA-B39124A9CAF7}.Debug|Any CPU.ActiveCfg = Debug|Any CPU
		{6D4DF0DC-C12F-4075-A6BA-B39124A9CAF7}.Debug|Any CPU.Build.0 = Debug|Any CPU
		{6D4DF0DC-C12F-4075-A6BA-B39124A9CAF7}.Release|Any CPU.ActiveCfg = Release|Any CPU
		{6D4DF0DC-C12F-4075-A6BA-B39124A9CAF7}.Release|Any CPU.Build.0 = Release|Any CPU
		{95C7B73A-350E-4E7D-B81D-161053463133}.Debug|Any CPU.ActiveCfg = Debug|Any CPU
		{95C7B73A-350E-4E7D-B81D-161053463133}.Debug|Any CPU.Build.0 = Debug|Any CPU
		{95C7B73A-350E-4E7D-B81D-161053463133}.Release|Any CPU.ActiveCfg = Release|Any CPU
		{95C7B73A-350E-4E7D-B81D-161053463133}.Release|Any CPU.Build.0 = Release|Any CPU
		{DABA6E88-CC9B-4E1C-9B3C-7239E873202F}.Debug|Any CPU.ActiveCfg = Debug|Any CPU
		{DABA6E88-CC9B-4E1C-9B3C-7239E873202F}.Debug|Any CPU.Build.0 = Debug|Any CPU
		{DABA6E88-CC9B-4E1C-9B3C-7239E873202F}.Release|Any CPU.ActiveCfg = Release|Any CPU
		{DABA6E88-CC9B-4E1C-9B3C-7239E873202F}.Release|Any CPU.Build.0 = Release|Any CPU
		{DA9D5178-8293-4480-ADCB-CBA031C34058}.Debug|Any CPU.ActiveCfg = Debug|Any CPU
		{DA9D5178-8293-4480-ADCB-CBA031C34058}.Debug|Any CPU.Build.0 = Debug|Any CPU
		{DA9D5178-8293-4480-ADCB-CBA031C34058}.Release|Any CPU.ActiveCfg = Release|Any CPU
		{DA9D5178-8293-4480-ADCB-CBA031C34058}.Release|Any CPU.Build.0 = Release|Any CPU
		{DC2647FB-D6CB-4371-B1D2-C179A7DE84D0}.Debug|Any CPU.ActiveCfg = Debug|Any CPU
		{DC2647FB-D6CB-4371-B1D2-C179A7DE84D0}.Debug|Any CPU.Build.0 = Debug|Any CPU
		{DC2647FB-D6CB-4371-B1D2-C179A7DE84D0}.Release|Any CPU.ActiveCfg = Release|Any CPU
		{DC2647FB-D6CB-4371-B1D2-C179A7DE84D0}.Release|Any CPU.Build.0 = Release|Any CPU
		{F3FDA6A4-29D2-4187-8B2B-9E52D3AF6459}.Debug|Any CPU.ActiveCfg = Debug|Any CPU
		{F3FDA6A4-29D2-4187-8B2B-9E52D3AF6459}.Debug|Any CPU.Build.0 = Debug|Any CPU
		{F3FDA6A4-29D2-4187-8B2B-9E52D3AF6459}.Release|Any CPU.ActiveCfg = Release|Any CPU
		{F3FDA6A4-29D2-4187-8B2B-9E52D3AF6459}.Release|Any CPU.Build.0 = Release|Any CPU
		{D461C9CD-1DFB-4717-9B62-ECF3B407EC57}.Debug|Any CPU.ActiveCfg = Debug|Any CPU
		{D461C9CD-1DFB-4717-9B62-ECF3B407EC57}.Debug|Any CPU.Build.0 = Debug|Any CPU
		{D461C9CD-1DFB-4717-9B62-ECF3B407EC57}.Release|Any CPU.ActiveCfg = Release|Any CPU
		{D461C9CD-1DFB-4717-9B62-ECF3B407EC57}.Release|Any CPU.Build.0 = Release|Any CPU
		{6AB3809E-05A2-466A-BFDD-EE57E8B95721}.Debug|Any CPU.ActiveCfg = Debug|Any CPU
		{6AB3809E-05A2-466A-BFDD-EE57E8B95721}.Debug|Any CPU.Build.0 = Debug|Any CPU
		{6AB3809E-05A2-466A-BFDD-EE57E8B95721}.Release|Any CPU.ActiveCfg = Release|Any CPU
		{6AB3809E-05A2-466A-BFDD-EE57E8B95721}.Release|Any CPU.Build.0 = Release|Any CPU
		{695FEA90-6BD8-4B22-A94E-63BB87C1CE96}.Debug|Any CPU.ActiveCfg = Debug|Any CPU
		{695FEA90-6BD8-4B22-A94E-63BB87C1CE96}.Debug|Any CPU.Build.0 = Debug|Any CPU
		{695FEA90-6BD8-4B22-A94E-63BB87C1CE96}.Release|Any CPU.ActiveCfg = Release|Any CPU
		{695FEA90-6BD8-4B22-A94E-63BB87C1CE96}.Release|Any CPU.Build.0 = Release|Any CPU
		{224AFB76-48CA-42F5-9C7E-20316BCF3E6F}.Debug|Any CPU.ActiveCfg = Debug|Any CPU
		{224AFB76-48CA-42F5-9C7E-20316BCF3E6F}.Debug|Any CPU.Build.0 = Debug|Any CPU
		{224AFB76-48CA-42F5-9C7E-20316BCF3E6F}.Release|Any CPU.ActiveCfg = Release|Any CPU
		{224AFB76-48CA-42F5-9C7E-20316BCF3E6F}.Release|Any CPU.Build.0 = Release|Any CPU
		{C5EBAAF3-4F2E-4C8E-9655-A1C3FD46B30F}.Debug|Any CPU.ActiveCfg = Debug|Any CPU
		{C5EBAAF3-4F2E-4C8E-9655-A1C3FD46B30F}.Debug|Any CPU.Build.0 = Debug|Any CPU
		{C5EBAAF3-4F2E-4C8E-9655-A1C3FD46B30F}.Release|Any CPU.ActiveCfg = Release|Any CPU
		{C5EBAAF3-4F2E-4C8E-9655-A1C3FD46B30F}.Release|Any CPU.Build.0 = Release|Any CPU
		{958709D5-6275-4733-AD2B-E66D66B09783}.Debug|Any CPU.ActiveCfg = Debug|Any CPU
		{958709D5-6275-4733-AD2B-E66D66B09783}.Debug|Any CPU.Build.0 = Debug|Any CPU
		{958709D5-6275-4733-AD2B-E66D66B09783}.Release|Any CPU.ActiveCfg = Release|Any CPU
		{958709D5-6275-4733-AD2B-E66D66B09783}.Release|Any CPU.Build.0 = Release|Any CPU
		{78BF3EC8-97F9-4659-BDA3-69AC6A4C6387}.Debug|Any CPU.ActiveCfg = Debug|Any CPU
		{78BF3EC8-97F9-4659-BDA3-69AC6A4C6387}.Debug|Any CPU.Build.0 = Debug|Any CPU
		{78BF3EC8-97F9-4659-BDA3-69AC6A4C6387}.Release|Any CPU.ActiveCfg = Release|Any CPU
		{78BF3EC8-97F9-4659-BDA3-69AC6A4C6387}.Release|Any CPU.Build.0 = Release|Any CPU
		{AEB3CA89-D081-4E59-BCB8-451FDD2DAAA6}.Debug|Any CPU.ActiveCfg = Debug|Any CPU
		{AEB3CA89-D081-4E59-BCB8-451FDD2DAAA6}.Debug|Any CPU.Build.0 = Debug|Any CPU
		{AEB3CA89-D081-4E59-BCB8-451FDD2DAAA6}.Release|Any CPU.ActiveCfg = Release|Any CPU
		{AEB3CA89-D081-4E59-BCB8-451FDD2DAAA6}.Release|Any CPU.Build.0 = Release|Any CPU
		{A3C1870E-7E24-422A-9763-C60F4599D576}.Debug|Any CPU.ActiveCfg = Debug|Any CPU
		{A3C1870E-7E24-422A-9763-C60F4599D576}.Debug|Any CPU.Build.0 = Debug|Any CPU
		{A3C1870E-7E24-422A-9763-C60F4599D576}.Release|Any CPU.ActiveCfg = Release|Any CPU
		{A3C1870E-7E24-422A-9763-C60F4599D576}.Release|Any CPU.Build.0 = Release|Any CPU
		{DF2CE154-883C-40B1-A7F7-C3C81F073C6B}.Debug|Any CPU.ActiveCfg = Debug|Any CPU
		{DF2CE154-883C-40B1-A7F7-C3C81F073C6B}.Debug|Any CPU.Build.0 = Debug|Any CPU
		{DF2CE154-883C-40B1-A7F7-C3C81F073C6B}.Release|Any CPU.ActiveCfg = Release|Any CPU
		{DF2CE154-883C-40B1-A7F7-C3C81F073C6B}.Release|Any CPU.Build.0 = Release|Any CPU
	EndGlobalSection
	GlobalSection(SolutionProperties) = preSolution
		HideSolutionNode = FALSE
	EndGlobalSection
	GlobalSection(ExtensibilityGlobals) = postSolution
		SolutionGuid = {9866816A-48F6-474B-9636-0641E058B44D}
	EndGlobalSection
EndGlobal
